{
  "originHash" : "9a509ba1eab0c86989c8b9dcaf2190d1d75dab317b41de4751f544ae546f2765",
  "pins" : [
    {
      "identity" : "factory",
      "kind" : "remoteSourceControl",
      "location" : "https://github.com/hmlongco/Factory.git",
      "state" : {
        "revision" : "fb04a8918848e413d3921d346a23bae7f81088d9",
        "version" : "2.4.3"
      }
    },
    {
      "identity" : "realhttp",
      "kind" : "remoteSourceControl",
      "location" : "https://github.com/immobiliare/RealHTTP.git",
      "state" : {
        "revision" : "fcec34a9996012aa2dc8ae70fc8c0d7075054739",
        "version" : "1.9.0"
      }
    }
  ],
  "version" : 3
}
