{
  "originHash" : "3875d2fe31fa1ca80003e4e57eded91710279410c39c1b5ce53f248be8888c21",
  "pins" : [
    {
      "identity" : "aloynetworking",
      "kind" : "remoteSourceControl",
      "location" : "https://github.com/caggiulio/AloyNetworking",
      "state" : {
        "branch" : "master",
        "revision" : "00d14c23ccccf7ff10c6a585dadf85ee30de3da4"
      }
    },
    {
      "identity" : "factory",
      "kind" : "remoteSourceControl",
      "location" : "https://github.com/hmlongco/Factory.git",
      "state" : {
        "revision" : "fb04a8918848e413d3921d346a23bae7f81088d9",
        "version" : "2.4.3"
      }
    }
  ],
  "version" : 3
}
